
Microsoft Visual Studio Solution File, Format Version 12.00
# Visual Studio Version 16
VisualStudioVersion = 16.0.31829.152
MinimumVisualStudioVersion = 10.0.40219.1
Project("{FAE04EC0-301F-11D3-BF4B-00C04F79EFBC}") = "WebAPI", "WebAPI\WebAPI.csproj", "{72378705-73A1-485D-83C3-B0FF1F27546D}"
EndProject
Project("{FAE04EC0-301F-11D3-BF4B-00C04F79EFBC}") = "mohammad_Walid_lab12.Android", "mohammad_Walid_lab12\mohammad_Walid_lab12.Android\mohammad_Walid_lab12.Android.csproj", "{9586F6FF-83B5-4332-980E-7B9C590634BB}"
EndProject
Project("{FAE04EC0-301F-11D3-BF4B-00C04F79EFBC}") = "mohammad_Walid_lab12.iOS", "mohammad_Walid_lab12\mohammad_Walid_lab12.iOS\mohammad_Walid_lab12.iOS.csproj", "{9DC46B36-7E31-4301-BCAE-163EB31E6BA4}"
EndProject
Project("{FAE04EC0-301F-11D3-BF4B-00C04F79EFBC}") = "mohammad_Walid_lab12", "mohammad_Walid_lab12\mohammad_Walid_lab12\mohammad_Walid_lab12.csproj", "{D0C19310-50A2-4260-A373-2B7EB0344A98}"
EndProject
Global
	GlobalSection(SolutionConfigurationPlatforms) = preSolution
		Debug|Any CPU = Debug|Any CPU
		Debug|iPhone = Debug|iPhone
		Debug|iPhoneSimulator = Debug|iPhoneSimulator
		Release|Any CPU = Release|Any CPU
		Release|iPhone = Release|iPhone
		Release|iPhoneSimulator = Release|iPhoneSimulator
	EndGlobalSection
	GlobalSection(ProjectConfigurationPlatforms) = postSolution
		{72378705-73A1-485D-83C3-B0FF1F27546D}.Debug|Any CPU.ActiveCfg = Debug|Any CPU
		{72378705-73A1-485D-83C3-B0FF1F27546D}.Debug|Any CPU.Build.0 = Debug|Any CPU
		{72378705-73A1-485D-83C3-B0FF1F27546D}.Debug|iPhone.ActiveCfg = Debug|Any CPU
		{72378705-73A1-485D-83C3-B0FF1F27546D}.Debug|iPhone.Build.0 = Debug|Any CPU
		{72378705-73A1-485D-83C3-B0FF1F27546D}.Debug|iPhoneSimulator.ActiveCfg = Debug|Any CPU
		{72378705-73A1-485D-83C3-B0FF1F27546D}.Debug|iPhoneSimulator.Build.0 = Debug|Any CPU
		{72378705-73A1-485D-83C3-B0FF1F27546D}.Release|Any CPU.ActiveCfg = Release|Any CPU
		{72378705-73A1-485D-83C3-B0FF1F27546D}.Release|Any CPU.Build.0 = Release|Any CPU
		{72378705-73A1-485D-83C3-B0FF1F27546D}.Release|iPhone.ActiveCfg = Release|Any CPU
		{72378705-73A1-485D-83C3-B0FF1F27546D}.Release|iPhone.Build.0 = Release|Any CPU
		{72378705-73A1-485D-83C3-B0FF1F27546D}.Release|iPhoneSimulator.ActiveCfg = Release|Any CPU
		{72378705-73A1-485D-83C3-B0FF1F27546D}.Release|iPhoneSimulator.Build.0 = Release|Any CPU
		{9586F6FF-83B5-4332-980E-7B9C590634BB}.Debug|Any CPU.ActiveCfg = Debug|Any CPU
		{9586F6FF-83B5-4332-980E-7B9C590634BB}.Debug|Any CPU.Build.0 = Debug|Any CPU
		{9586F6FF-83B5-4332-980E-7B9C590634BB}.Debug|Any CPU.Deploy.0 = Debug|Any CPU
		{9586F6FF-83B5-4332-980E-7B9C590634BB}.Debug|iPhone.ActiveCfg = Debug|Any CPU
		{9586F6FF-83B5-4332-980E-7B9C590634BB}.Debug|iPhone.Build.0 = Debug|Any CPU
		{9586F6FF-83B5-4332-980E-7B9C590634BB}.Debug|iPhone.Deploy.0 = Debug|Any CPU
		{9586F6FF-83B5-4332-980E-7B9C590634BB}.Debug|iPhoneSimulator.ActiveCfg = Debug|Any CPU
		{9586F6FF-83B5-4332-980E-7B9C590634BB}.Debug|iPhoneSimulator.Build.0 = Debug|Any CPU
		{9586F6FF-83B5-4332-980E-7B9C590634BB}.Debug|iPhoneSimulator.Deploy.0 = Debug|Any CPU
		{9586F6FF-83B5-4332-980E-7B9C590634BB}.Release|Any CPU.ActiveCfg = Release|Any CPU
		{9586F6FF-83B5-4332-980E-7B9C590634BB}.Release|Any CPU.Build.0 = Release|Any CPU
		{9586F6FF-83B5-4332-980E-7B9C590634BB}.Release|Any CPU.Deploy.0 = Release|Any CPU
		{9586F6FF-83B5-4332-980E-7B9C590634BB}.Release|iPhone.ActiveCfg = Release|Any CPU
		{9586F6FF-83B5-4332-980E-7B9C590634BB}.Release|iPhone.Build.0 = Release|Any CPU
		{9586F6FF-83B5-4332-980E-7B9C590634BB}.Release|iPhone.Deploy.0 = Release|Any CPU
		{9586F6FF-83B5-4332-980E-7B9C590634BB}.Release|iPhoneSimulator.ActiveCfg = Release|Any CPU
		{9586F6FF-83B5-4332-980E-7B9C590634BB}.Release|iPhoneSimulator.Build.0 = Release|Any CPU
		{9586F6FF-83B5-4332-980E-7B9C590634BB}.Release|iPhoneSimulator.Deploy.0 = Release|Any CPU
		{9DC46B36-7E31-4301-BCAE-163EB31E6BA4}.Debug|Any CPU.ActiveCfg = Debug|iPhoneSimulator
		{9DC46B36-7E31-4301-BCAE-163EB31E6BA4}.Debug|iPhone.ActiveCfg = Debug|iPhone
		{9DC46B36-7E31-4301-BCAE-163EB31E6BA4}.Debug|iPhone.Build.0 = Debug|iPhone
		{9DC46B36-7E31-4301-BCAE-163EB31E6BA4}.Debug|iPhoneSimulator.ActiveCfg = Debug|iPhoneSimulator
		{9DC46B36-7E31-4301-BCAE-163EB31E6BA4}.Debug|iPhoneSimulator.Build.0 = Debug|iPhoneSimulator
		{9DC46B36-7E31-4301-BCAE-163EB31E6BA4}.Release|Any CPU.ActiveCfg = Release|iPhoneSimulator
		{9DC46B36-7E31-4301-BCAE-163EB31E6BA4}.Release|iPhone.ActiveCfg = Release|iPhone
		{9DC46B36-7E31-4301-BCAE-163EB31E6BA4}.Release|iPhone.Build.0 = Release|iPhone
		{9DC46B36-7E31-4301-BCAE-163EB31E6BA4}.Release|iPhoneSimulator.ActiveCfg = Release|iPhoneSimulator
		{9DC46B36-7E31-4301-BCAE-163EB31E6BA4}.Release|iPhoneSimulator.Build.0 = Release|iPhoneSimulator
		{D0C19310-50A2-4260-A373-2B7EB0344A98}.Debug|Any CPU.ActiveCfg = Debug|Any CPU
		{D0C19310-50A2-4260-A373-2B7EB0344A98}.Debug|Any CPU.Build.0 = Debug|Any CPU
		{D0C19310-50A2-4260-A373-2B7EB0344A98}.Debug|iPhone.ActiveCfg = Debug|Any CPU
		{D0C19310-50A2-4260-A373-2B7EB0344A98}.Debug|iPhone.Build.0 = Debug|Any CPU
		{D0C19310-50A2-4260-A373-2B7EB0344A98}.Debug|iPhoneSimulator.ActiveCfg = Debug|Any CPU
		{D0C19310-50A2-4260-A373-2B7EB0344A98}.Debug|iPhoneSimulator.Build.0 = Debug|Any CPU
		{D0C19310-50A2-4260-A373-2B7EB0344A98}.Release|Any CPU.ActiveCfg = Release|Any CPU
		{D0C19310-50A2-4260-A373-2B7EB0344A98}.Release|Any CPU.Build.0 = Release|Any CPU
		{D0C19310-50A2-4260-A373-2B7EB0344A98}.Release|iPhone.ActiveCfg = Release|Any CPU
		{D0C19310-50A2-4260-A373-2B7EB0344A98}.Release|iPhone.Build.0 = Release|Any CPU
		{D0C19310-50A2-4260-A373-2B7EB0344A98}.Release|iPhoneSimulator.ActiveCfg = Release|Any CPU
		{D0C19310-50A2-4260-A373-2B7EB0344A98}.Release|iPhoneSimulator.Build.0 = Release|Any CPU
	EndGlobalSection
	GlobalSection(SolutionProperties) = preSolution
		HideSolutionNode = FALSE
	EndGlobalSection
	GlobalSection(ExtensibilityGlobals) = postSolution
		SolutionGuid = {D71631DE-D577-4526-A6CC-D500CC3DB485}
	EndGlobalSection
EndGlobal
